// !$*UTF8*$!
{
	archiveVersion = 1;
	classes = {
	};
	objectVersion = 50;
	objects = {

/* Begin PBXBuildFile section */
		E76E9AFF25C176D600712BBE /* AppDelegate.swift in Sources */ = {isa = PBXBuildFile; fileRef = E76E9AFE25C176D600712BBE /* AppDelegate.swift */; };
		E76E9B0125C176D600712BBE /* SceneDelegate.swift in Sources */ = {isa = PBXBuildFile; fileRef = E76E9B0025C176D600712BBE /* SceneDelegate.swift */; };
		E76E9B0525C176D700712BBE /* Assets.xcassets in Resources */ = {isa = PBXBuildFile; fileRef = E76E9B0425C176D700712BBE /* Assets.xcassets */; };
		E76E9B0825C176D700712BBE /* Preview Assets.xcassets in Resources */ = {isa = PBXBuildFile; fileRef = E76E9B0725C176D700712BBE /* Preview Assets.xcassets */; };
		E76E9B0B25C176D700712BBE /* LaunchScreen.storyboard in Resources */ = {isa = PBXBuildFile; fileRef = E76E9B0925C176D700712BBE /* LaunchScreen.storyboard */; };
		E76E9B1625C176D700712BBE /* HN_ReaderTests.swift in Sources */ = {isa = PBXBuildFile; fileRef = E76E9B1525C176D700712BBE /* HN_ReaderTests.swift */; };
		E76E9B2125C176D700712BBE /* HN_ReaderUITests.swift in Sources */ = {isa = PBXBuildFile; fileRef = E76E9B2025C176D700712BBE /* HN_ReaderUITests.swift */; };
		E76E9B3925C177AF00712BBE /* CompactTabBarController.swift in Sources */ = {isa = PBXBuildFile; fileRef = E76E9B3825C177AF00712BBE /* CompactTabBarController.swift */; };
		E76E9B3E25C1780D00712BBE /* CompactViewCoordinator.swift in Sources */ = {isa = PBXBuildFile; fileRef = E76E9B3D25C1780D00712BBE /* CompactViewCoordinator.swift */; };
		E76E9B4325C1783400712BBE /* SplitViewCoordinatorProtocol.swift in Sources */ = {isa = PBXBuildFile; fileRef = E76E9B4225C1783400712BBE /* SplitViewCoordinatorProtocol.swift */; };
		E76E9B4825C1787300712BBE /* FeedSections.swift in Sources */ = {isa = PBXBuildFile; fileRef = E76E9B4725C1787300712BBE /* FeedSections.swift */; };
		E76E9B4D25C178A600712BBE /* FeedSectionInfo.swift in Sources */ = {isa = PBXBuildFile; fileRef = E76E9B4C25C178A600712BBE /* FeedSectionInfo.swift */; };
		E76E9B5925C179D700712BBE /* Feed.swift in Sources */ = {isa = PBXBuildFile; fileRef = E76E9B5825C179D700712BBE /* Feed.swift */; };
		E76E9B6125C179DF00712BBE /* Story.swift in Sources */ = {isa = PBXBuildFile; fileRef = E76E9B6025C179DF00712BBE /* Story.swift */; };
		E76E9B6625C179F200712BBE /* CollectionViewSection.swift in Sources */ = {isa = PBXBuildFile; fileRef = E76E9B6525C179F200712BBE /* CollectionViewSection.swift */; };
		E76E9B6B25C17A5C00712BBE /* FeedViewController.swift in Sources */ = {isa = PBXBuildFile; fileRef = E76E9B6A25C17A5C00712BBE /* FeedViewController.swift */; };
		E76E9B7525C17ACD00712BBE /* StoryDataSourceFactory.swift in Sources */ = {isa = PBXBuildFile; fileRef = E76E9B7425C17ACD00712BBE /* StoryDataSourceFactory.swift */; };
		E76E9B7A25C17B0000712BBE /* FeedRepositoryProtocol.swift in Sources */ = {isa = PBXBuildFile; fileRef = E76E9B7925C17B0000712BBE /* FeedRepositoryProtocol.swift */; };
		E76E9B7F25C17B1100712BBE /* MockFeedRepository.swift in Sources */ = {isa = PBXBuildFile; fileRef = E76E9B7E25C17B1100712BBE /* MockFeedRepository.swift */; };
		E76E9B8B25C17B8400712BBE /* ErrorLabel.swift in Sources */ = {isa = PBXBuildFile; fileRef = E76E9B8A25C17B8400712BBE /* ErrorLabel.swift */; };
		E76E9B9325C17B9D00712BBE /* CoordinatorProtocol.swift in Sources */ = {isa = PBXBuildFile; fileRef = E76E9B9225C17B9D00712BBE /* CoordinatorProtocol.swift */; };
		E76E9B9825C17BBB00712BBE /* CreateListCollectionView.swift in Sources */ = {isa = PBXBuildFile; fileRef = E76E9B9725C17BBB00712BBE /* CreateListCollectionView.swift */; };
		E76E9B9D25C17BD200712BBE /* ViewControllerUtilities.swift in Sources */ = {isa = PBXBuildFile; fileRef = E76E9B9C25C17BD200712BBE /* ViewControllerUtilities.swift */; };
		E76E9BA225C17BE600712BBE /* UIViewUtilities.swift in Sources */ = {isa = PBXBuildFile; fileRef = E76E9BA125C17BE600712BBE /* UIViewUtilities.swift */; };
		E76E9BA725C17C1500712BBE /* CollorPallet.swift in Sources */ = {isa = PBXBuildFile; fileRef = E76E9BA625C17C1500712BBE /* CollorPallet.swift */; };
		E76E9BAC25C17C3200712BBE /* MockedData.swift in Sources */ = {isa = PBXBuildFile; fileRef = E76E9BAB25C17C3200712BBE /* MockedData.swift */; };
		E7D5114025C1E8870075D027 /* FeedListViewModel.swift in Sources */ = {isa = PBXBuildFile; fileRef = E7D5113F25C1E8870075D027 /* FeedListViewModel.swift */; };
		E7D5114625C1E9FD0075D027 /* FeedListViewModelDelegate.swift in Sources */ = {isa = PBXBuildFile; fileRef = E7D5114525C1E9FD0075D027 /* FeedListViewModelDelegate.swift */; };
		E7D5114F25C202E70075D027 /* FeedEventsView.swift in Sources */ = {isa = PBXBuildFile; fileRef = E7D5114E25C202E70075D027 /* FeedEventsView.swift */; };
		E7D5115B25C208910075D027 /* StoryCellRegistrationFactory.swift in Sources */ = {isa = PBXBuildFile; fileRef = E7D5115A25C208910075D027 /* StoryCellRegistrationFactory.swift */; };
/* End PBXBuildFile section */

/* Begin PBXContainerItemProxy section */
		E76E9B1225C176D700712BBE /* PBXContainerItemProxy */ = {
			isa = PBXContainerItemProxy;
			containerPortal = E76E9AF325C176D600712BBE /* Project object */;
			proxyType = 1;
			remoteGlobalIDString = E76E9AFA25C176D600712BBE;
			remoteInfo = "HN-Reader";
		};
		E76E9B1D25C176D700712BBE /* PBXContainerItemProxy */ = {
			isa = PBXContainerItemProxy;
			containerPortal = E76E9AF325C176D600712BBE /* Project object */;
			proxyType = 1;
			remoteGlobalIDString = E76E9AFA25C176D600712BBE;
			remoteInfo = "HN-Reader";
		};
/* End PBXContainerItemProxy section */

/* Begin PBXFileReference section */
		E76E9AFB25C176D600712BBE /* HN-Reader.app */ = {isa = PBXFileReference; explicitFileType = wrapper.application; includeInIndex = 0; path = "HN-Reader.app"; sourceTree = BUILT_PRODUCTS_DIR; };
		E76E9AFE25C176D600712BBE /* AppDelegate.swift */ = {isa = PBXFileReference; lastKnownFileType = sourcecode.swift; path = AppDelegate.swift; sourceTree = "<group>"; };
		E76E9B0025C176D600712BBE /* SceneDelegate.swift */ = {isa = PBXFileReference; lastKnownFileType = sourcecode.swift; path = SceneDelegate.swift; sourceTree = "<group>"; };
		E76E9B0425C176D700712BBE /* Assets.xcassets */ = {isa = PBXFileReference; lastKnownFileType = folder.assetcatalog; path = Assets.xcassets; sourceTree = "<group>"; };
		E76E9B0725C176D700712BBE /* Preview Assets.xcassets */ = {isa = PBXFileReference; lastKnownFileType = folder.assetcatalog; path = "Preview Assets.xcassets"; sourceTree = "<group>"; };
		E76E9B0A25C176D700712BBE /* Base */ = {isa = PBXFileReference; lastKnownFileType = file.storyboard; name = Base; path = Base.lproj/LaunchScreen.storyboard; sourceTree = "<group>"; };
		E76E9B0C25C176D700712BBE /* Info.plist */ = {isa = PBXFileReference; lastKnownFileType = text.plist.xml; path = Info.plist; sourceTree = "<group>"; };
		E76E9B1125C176D700712BBE /* HN-ReaderTests.xctest */ = {isa = PBXFileReference; explicitFileType = wrapper.cfbundle; includeInIndex = 0; path = "HN-ReaderTests.xctest"; sourceTree = BUILT_PRODUCTS_DIR; };
		E76E9B1525C176D700712BBE /* HN_ReaderTests.swift */ = {isa = PBXFileReference; lastKnownFileType = sourcecode.swift; path = HN_ReaderTests.swift; sourceTree = "<group>"; };
		E76E9B1725C176D700712BBE /* Info.plist */ = {isa = PBXFileReference; lastKnownFileType = text.plist.xml; path = Info.plist; sourceTree = "<group>"; };
		E76E9B1C25C176D700712BBE /* HN-ReaderUITests.xctest */ = {isa = PBXFileReference; explicitFileType = wrapper.cfbundle; includeInIndex = 0; path = "HN-ReaderUITests.xctest"; sourceTree = BUILT_PRODUCTS_DIR; };
		E76E9B2025C176D700712BBE /* HN_ReaderUITests.swift */ = {isa = PBXFileReference; lastKnownFileType = sourcecode.swift; path = HN_ReaderUITests.swift; sourceTree = "<group>"; };
		E76E9B2225C176D700712BBE /* Info.plist */ = {isa = PBXFileReference; lastKnownFileType = text.plist.xml; path = Info.plist; sourceTree = "<group>"; };
		E76E9B3825C177AF00712BBE /* CompactTabBarController.swift */ = {isa = PBXFileReference; lastKnownFileType = sourcecode.swift; path = CompactTabBarController.swift; sourceTree = "<group>"; };
		E76E9B3D25C1780D00712BBE /* CompactViewCoordinator.swift */ = {isa = PBXFileReference; lastKnownFileType = sourcecode.swift; path = CompactViewCoordinator.swift; sourceTree = "<group>"; };
		E76E9B4225C1783400712BBE /* SplitViewCoordinatorProtocol.swift */ = {isa = PBXFileReference; lastKnownFileType = sourcecode.swift; path = SplitViewCoordinatorProtocol.swift; sourceTree = "<group>"; };
		E76E9B4725C1787300712BBE /* FeedSections.swift */ = {isa = PBXFileReference; lastKnownFileType = sourcecode.swift; path = FeedSections.swift; sourceTree = "<group>"; };
		E76E9B4C25C178A600712BBE /* FeedSectionInfo.swift */ = {isa = PBXFileReference; lastKnownFileType = sourcecode.swift; path = FeedSectionInfo.swift; sourceTree = "<group>"; };
		E76E9B5825C179D700712BBE /* Feed.swift */ = {isa = PBXFileReference; lastKnownFileType = sourcecode.swift; path = Feed.swift; sourceTree = "<group>"; };
		E76E9B6025C179DF00712BBE /* Story.swift */ = {isa = PBXFileReference; lastKnownFileType = sourcecode.swift; path = Story.swift; sourceTree = "<group>"; };
		E76E9B6525C179F200712BBE /* CollectionViewSection.swift */ = {isa = PBXFileReference; lastKnownFileType = sourcecode.swift; path = CollectionViewSection.swift; sourceTree = "<group>"; };
		E76E9B6A25C17A5C00712BBE /* FeedViewController.swift */ = {isa = PBXFileReference; lastKnownFileType = sourcecode.swift; path = FeedViewController.swift; sourceTree = "<group>"; };
		E76E9B7425C17ACD00712BBE /* StoryDataSourceFactory.swift */ = {isa = PBXFileReference; lastKnownFileType = sourcecode.swift; path = StoryDataSourceFactory.swift; sourceTree = "<group>"; };
		E76E9B7925C17B0000712BBE /* FeedRepositoryProtocol.swift */ = {isa = PBXFileReference; lastKnownFileType = sourcecode.swift; path = FeedRepositoryProtocol.swift; sourceTree = "<group>"; };
		E76E9B7E25C17B1100712BBE /* MockFeedRepository.swift */ = {isa = PBXFileReference; lastKnownFileType = sourcecode.swift; path = MockFeedRepository.swift; sourceTree = "<group>"; };
		E76E9B8A25C17B8400712BBE /* ErrorLabel.swift */ = {isa = PBXFileReference; lastKnownFileType = sourcecode.swift; path = ErrorLabel.swift; sourceTree = "<group>"; };
		E76E9B9225C17B9D00712BBE /* CoordinatorProtocol.swift */ = {isa = PBXFileReference; lastKnownFileType = sourcecode.swift; path = CoordinatorProtocol.swift; sourceTree = "<group>"; };
		E76E9B9725C17BBB00712BBE /* CreateListCollectionView.swift */ = {isa = PBXFileReference; lastKnownFileType = sourcecode.swift; path = CreateListCollectionView.swift; sourceTree = "<group>"; };
		E76E9B9C25C17BD200712BBE /* ViewControllerUtilities.swift */ = {isa = PBXFileReference; lastKnownFileType = sourcecode.swift; path = ViewControllerUtilities.swift; sourceTree = "<group>"; };
		E76E9BA125C17BE600712BBE /* UIViewUtilities.swift */ = {isa = PBXFileReference; lastKnownFileType = sourcecode.swift; path = UIViewUtilities.swift; sourceTree = "<group>"; };
		E76E9BA625C17C1500712BBE /* CollorPallet.swift */ = {isa = PBXFileReference; lastKnownFileType = sourcecode.swift; path = CollorPallet.swift; sourceTree = "<group>"; };
		E76E9BAB25C17C3200712BBE /* MockedData.swift */ = {isa = PBXFileReference; lastKnownFileType = sourcecode.swift; path = MockedData.swift; sourceTree = "<group>"; };
		E7D5113F25C1E8870075D027 /* FeedListViewModel.swift */ = {isa = PBXFileReference; lastKnownFileType = sourcecode.swift; path = FeedListViewModel.swift; sourceTree = "<group>"; };
		E7D5114525C1E9FD0075D027 /* FeedListViewModelDelegate.swift */ = {isa = PBXFileReference; lastKnownFileType = sourcecode.swift; path = FeedListViewModelDelegate.swift; sourceTree = "<group>"; };
		E7D5114E25C202E70075D027 /* FeedEventsView.swift */ = {isa = PBXFileReference; lastKnownFileType = sourcecode.swift; path = FeedEventsView.swift; sourceTree = "<group>"; };
		E7D5115A25C208910075D027 /* StoryCellRegistrationFactory.swift */ = {isa = PBXFileReference; lastKnownFileType = sourcecode.swift; path = StoryCellRegistrationFactory.swift; sourceTree = "<group>"; };
/* End PBXFileReference section */

/* Begin PBXFrameworksBuildPhase section */
		E76E9AF825C176D600712BBE /* Frameworks */ = {
			isa = PBXFrameworksBuildPhase;
			buildActionMask = 2147483647;
			files = (
			);
			runOnlyForDeploymentPostprocessing = 0;
		};
		E76E9B0E25C176D700712BBE /* Frameworks */ = {
			isa = PBXFrameworksBuildPhase;
			buildActionMask = 2147483647;
			files = (
			);
			runOnlyForDeploymentPostprocessing = 0;
		};
		E76E9B1925C176D700712BBE /* Frameworks */ = {
			isa = PBXFrameworksBuildPhase;
			buildActionMask = 2147483647;
			files = (
			);
			runOnlyForDeploymentPostprocessing = 0;
		};
/* End PBXFrameworksBuildPhase section */

/* Begin PBXGroup section */
		E76E9AF225C176D600712BBE = {
			isa = PBXGroup;
			children = (
				E76E9AFD25C176D600712BBE /* HN-Reader */,
				E76E9B1425C176D700712BBE /* HN-ReaderTests */,
				E76E9B1F25C176D700712BBE /* HN-ReaderUITests */,
				E76E9AFC25C176D600712BBE /* Products */,
			);
			sourceTree = "<group>";
		};
		E76E9AFC25C176D600712BBE /* Products */ = {
			isa = PBXGroup;
			children = (
				E76E9AFB25C176D600712BBE /* HN-Reader.app */,
				E76E9B1125C176D700712BBE /* HN-ReaderTests.xctest */,
				E76E9B1C25C176D700712BBE /* HN-ReaderUITests.xctest */,
			);
			name = Products;
			sourceTree = "<group>";
		};
		E76E9AFD25C176D600712BBE /* HN-Reader */ = {
			isa = PBXGroup;
			children = (
				E76E9B5225C1793A00712BBE /* System */,
				E76E9B5125C1793500712BBE /* Feed */,
				E76E9B3425C1773E00712BBE /* SplitView */,
				E76E9AFE25C176D600712BBE /* AppDelegate.swift */,
				E76E9B0025C176D600712BBE /* SceneDelegate.swift */,
				E76E9B0425C176D700712BBE /* Assets.xcassets */,
				E76E9B0925C176D700712BBE /* LaunchScreen.storyboard */,
				E76E9B0C25C176D700712BBE /* Info.plist */,
				E76E9B0625C176D700712BBE /* Preview Content */,
			);
			path = "HN-Reader";
			sourceTree = "<group>";
		};
		E76E9B0625C176D700712BBE /* Preview Content */ = {
			isa = PBXGroup;
			children = (
				E76E9B0725C176D700712BBE /* Preview Assets.xcassets */,
			);
			path = "Preview Content";
			sourceTree = "<group>";
		};
		E76E9B1425C176D700712BBE /* HN-ReaderTests */ = {
			isa = PBXGroup;
			children = (
				E76E9B1525C176D700712BBE /* HN_ReaderTests.swift */,
				E76E9B1725C176D700712BBE /* Info.plist */,
			);
			path = "HN-ReaderTests";
			sourceTree = "<group>";
		};
		E76E9B1F25C176D700712BBE /* HN-ReaderUITests */ = {
			isa = PBXGroup;
			children = (
				E76E9B2025C176D700712BBE /* HN_ReaderUITests.swift */,
				E76E9B2225C176D700712BBE /* Info.plist */,
			);
			path = "HN-ReaderUITests";
			sourceTree = "<group>";
		};
		E76E9B3425C1773E00712BBE /* SplitView */ = {
			isa = PBXGroup;
			children = (
				E76E9B3725C1777A00712BBE /* ViewControllers */,
				E76E9B3625C1776F00712BBE /* Coordinators */,
				E76E9B3525C1776000712BBE /* Model */,
			);
			path = SplitView;
			sourceTree = "<group>";
		};
		E76E9B3525C1776000712BBE /* Model */ = {
			isa = PBXGroup;
			children = (
				E76E9B4725C1787300712BBE /* FeedSections.swift */,
				E76E9B4C25C178A600712BBE /* FeedSectionInfo.swift */,
			);
			path = Model;
			sourceTree = "<group>";
		};
		E76E9B3625C1776F00712BBE /* Coordinators */ = {
			isa = PBXGroup;
			children = (
				E76E9B3D25C1780D00712BBE /* CompactViewCoordinator.swift */,
				E76E9B4225C1783400712BBE /* SplitViewCoordinatorProtocol.swift */,
			);
			path = Coordinators;
			sourceTree = "<group>";
		};
		E76E9B3725C1777A00712BBE /* ViewControllers */ = {
			isa = PBXGroup;
			children = (
				E76E9B3825C177AF00712BBE /* CompactTabBarController.swift */,
			);
			path = ViewControllers;
			sourceTree = "<group>";
		};
		E76E9B5125C1793500712BBE /* Feed */ = {
			isa = PBXGroup;
			children = (
				E7D5114D25C202C70075D027 /* Views */,
				E7D5114425C1E9E50075D027 /* Delegate */,
				E7D5113E25C1E7AA0075D027 /* ViewModels */,
				E76E9B5725C1798400712BBE /* Models */,
				E76E9B5625C1797D00712BBE /* ViewControllers */,
				E76E9B5425C1796D00712BBE /* Factories */,
				E76E9B5325C1796500712BBE /* Repository */,
			);
			path = Feed;
			sourceTree = "<group>";
		};
		E76E9B5225C1793A00712BBE /* System */ = {
			isa = PBXGroup;
			children = (
				E76E9B8925C17B7200712BBE /* View */,
				E76E9B8825C17B6A00712BBE /* Coordinator */,
				E76E9B8725C17B6300712BBE /* Extensions */,
				E76E9B8625C17B5C00712BBE /* Mocks */,
			);
			path = System;
			sourceTree = "<group>";
		};
		E76E9B5325C1796500712BBE /* Repository */ = {
			isa = PBXGroup;
			children = (
				E76E9B7925C17B0000712BBE /* FeedRepositoryProtocol.swift */,
				E76E9B7E25C17B1100712BBE /* MockFeedRepository.swift */,
			);
			path = Repository;
			sourceTree = "<group>";
		};
		E76E9B5425C1796D00712BBE /* Factories */ = {
			isa = PBXGroup;
			children = (
				E76E9B7425C17ACD00712BBE /* StoryDataSourceFactory.swift */,
				E7D5115A25C208910075D027 /* StoryCellRegistrationFactory.swift */,
			);
			path = Factories;
			sourceTree = "<group>";
		};
		E76E9B5625C1797D00712BBE /* ViewControllers */ = {
			isa = PBXGroup;
			children = (
				E76E9B6A25C17A5C00712BBE /* FeedViewController.swift */,
			);
			path = ViewControllers;
			sourceTree = "<group>";
		};
		E76E9B5725C1798400712BBE /* Models */ = {
			isa = PBXGroup;
			children = (
				E76E9B5825C179D700712BBE /* Feed.swift */,
				E76E9B6025C179DF00712BBE /* Story.swift */,
				E76E9B6525C179F200712BBE /* CollectionViewSection.swift */,
			);
			path = Models;
			sourceTree = "<group>";
		};
		E76E9B8625C17B5C00712BBE /* Mocks */ = {
			isa = PBXGroup;
			children = (
				E76E9BAB25C17C3200712BBE /* MockedData.swift */,
			);
			path = Mocks;
			sourceTree = "<group>";
		};
		E76E9B8725C17B6300712BBE /* Extensions */ = {
			isa = PBXGroup;
			children = (
				E76E9B9725C17BBB00712BBE /* CreateListCollectionView.swift */,
				E76E9B9C25C17BD200712BBE /* ViewControllerUtilities.swift */,
				E76E9BA125C17BE600712BBE /* UIViewUtilities.swift */,
				E76E9BA625C17C1500712BBE /* CollorPallet.swift */,
			);
			path = Extensions;
			sourceTree = "<group>";
		};
		E76E9B8825C17B6A00712BBE /* Coordinator */ = {
			isa = PBXGroup;
			children = (
				E76E9B9225C17B9D00712BBE /* CoordinatorProtocol.swift */,
			);
			path = Coordinator;
			sourceTree = "<group>";
		};
		E76E9B8925C17B7200712BBE /* View */ = {
			isa = PBXGroup;
			children = (
				E76E9B8A25C17B8400712BBE /* ErrorLabel.swift */,
			);
			path = View;
			sourceTree = "<group>";
		};
		E7D5113E25C1E7AA0075D027 /* ViewModels */ = {
			isa = PBXGroup;
			children = (
				E7D5113F25C1E8870075D027 /* FeedListViewModel.swift */,
			);
			path = ViewModels;
			sourceTree = "<group>";
		};
		E7D5114425C1E9E50075D027 /* Delegate */ = {
			isa = PBXGroup;
			children = (
				E7D5114525C1E9FD0075D027 /* FeedListViewModelDelegate.swift */,
			);
			path = Delegate;
			sourceTree = "<group>";
		};
		E7D5114D25C202C70075D027 /* Views */ = {
			isa = PBXGroup;
			children = (
				E7D5114E25C202E70075D027 /* FeedEventsView.swift */,
			);
			path = Views;
			sourceTree = "<group>";
		};
/* End PBXGroup section */

/* Begin PBXNativeTarget section */
		E76E9AFA25C176D600712BBE /* HN-Reader */ = {
			isa = PBXNativeTarget;
			buildConfigurationList = E76E9B2525C176D700712BBE /* Build configuration list for PBXNativeTarget "HN-Reader" */;
			buildPhases = (
				E76E9AF725C176D600712BBE /* Sources */,
				E76E9AF825C176D600712BBE /* Frameworks */,
				E76E9AF925C176D600712BBE /* Resources */,
			);
			buildRules = (
			);
			dependencies = (
			);
			name = "HN-Reader";
			productName = "HN-Reader";
			productReference = E76E9AFB25C176D600712BBE /* HN-Reader.app */;
			productType = "com.apple.product-type.application";
		};
		E76E9B1025C176D700712BBE /* HN-ReaderTests */ = {
			isa = PBXNativeTarget;
			buildConfigurationList = E76E9B2825C176D700712BBE /* Build configuration list for PBXNativeTarget "HN-ReaderTests" */;
			buildPhases = (
				E76E9B0D25C176D700712BBE /* Sources */,
				E76E9B0E25C176D700712BBE /* Frameworks */,
				E76E9B0F25C176D700712BBE /* Resources */,
			);
			buildRules = (
			);
			dependencies = (
				E76E9B1325C176D700712BBE /* PBXTargetDependency */,
			);
			name = "HN-ReaderTests";
			productName = "HN-ReaderTests";
			productReference = E76E9B1125C176D700712BBE /* HN-ReaderTests.xctest */;
			productType = "com.apple.product-type.bundle.unit-test";
		};
		E76E9B1B25C176D700712BBE /* HN-ReaderUITests */ = {
			isa = PBXNativeTarget;
			buildConfigurationList = E76E9B2B25C176D700712BBE /* Build configuration list for PBXNativeTarget "HN-ReaderUITests" */;
			buildPhases = (
				E76E9B1825C176D700712BBE /* Sources */,
				E76E9B1925C176D700712BBE /* Frameworks */,
				E76E9B1A25C176D700712BBE /* Resources */,
			);
			buildRules = (
			);
			dependencies = (
				E76E9B1E25C176D700712BBE /* PBXTargetDependency */,
			);
			name = "HN-ReaderUITests";
			productName = "HN-ReaderUITests";
			productReference = E76E9B1C25C176D700712BBE /* HN-ReaderUITests.xctest */;
			productType = "com.apple.product-type.bundle.ui-testing";
		};
/* End PBXNativeTarget section */

/* Begin PBXProject section */
		E76E9AF325C176D600712BBE /* Project object */ = {
			isa = PBXProject;
			attributes = {
				LastSwiftUpdateCheck = 1230;
				LastUpgradeCheck = 1230;
				TargetAttributes = {
					E76E9AFA25C176D600712BBE = {
						CreatedOnToolsVersion = 12.3;
					};
					E76E9B1025C176D700712BBE = {
						CreatedOnToolsVersion = 12.3;
						TestTargetID = E76E9AFA25C176D600712BBE;
					};
					E76E9B1B25C176D700712BBE = {
						CreatedOnToolsVersion = 12.3;
						TestTargetID = E76E9AFA25C176D600712BBE;
					};
				};
			};
			buildConfigurationList = E76E9AF625C176D600712BBE /* Build configuration list for PBXProject "HN-Reader" */;
			compatibilityVersion = "Xcode 9.3";
			developmentRegion = en;
			hasScannedForEncodings = 0;
			knownRegions = (
				en,
				Base,
			);
			mainGroup = E76E9AF225C176D600712BBE;
			productRefGroup = E76E9AFC25C176D600712BBE /* Products */;
			projectDirPath = "";
			projectRoot = "";
			targets = (
				E76E9AFA25C176D600712BBE /* HN-Reader */,
				E76E9B1025C176D700712BBE /* HN-ReaderTests */,
				E76E9B1B25C176D700712BBE /* HN-ReaderUITests */,
			);
		};
/* End PBXProject section */

/* Begin PBXResourcesBuildPhase section */
		E76E9AF925C176D600712BBE /* Resources */ = {
			isa = PBXResourcesBuildPhase;
			buildActionMask = 2147483647;
			files = (
				E76E9B0B25C176D700712BBE /* LaunchScreen.storyboard in Resources */,
				E76E9B0825C176D700712BBE /* Preview Assets.xcassets in Resources */,
				E76E9B0525C176D700712BBE /* Assets.xcassets in Resources */,
			);
			runOnlyForDeploymentPostprocessing = 0;
		};
		E76E9B0F25C176D700712BBE /* Resources */ = {
			isa = PBXResourcesBuildPhase;
			buildActionMask = 2147483647;
			files = (
			);
			runOnlyForDeploymentPostprocessing = 0;
		};
		E76E9B1A25C176D700712BBE /* Resources */ = {
			isa = PBXResourcesBuildPhase;
			buildActionMask = 2147483647;
			files = (
			);
			runOnlyForDeploymentPostprocessing = 0;
		};
/* End PBXResourcesBuildPhase section */

/* Begin PBXSourcesBuildPhase section */
		E76E9AF725C176D600712BBE /* Sources */ = {
			isa = PBXSourcesBuildPhase;
			buildActionMask = 2147483647;
			files = (
				E76E9B6B25C17A5C00712BBE /* FeedViewController.swift in Sources */,
				E76E9B3925C177AF00712BBE /* CompactTabBarController.swift in Sources */,
				E76E9BA725C17C1500712BBE /* CollorPallet.swift in Sources */,
				E76E9B7525C17ACD00712BBE /* StoryDataSourceFactory.swift in Sources */,
				E76E9B9D25C17BD200712BBE /* ViewControllerUtilities.swift in Sources */,
				E76E9B5925C179D700712BBE /* Feed.swift in Sources */,
				E76E9B3E25C1780D00712BBE /* CompactViewCoordinator.swift in Sources */,
				E76E9B8B25C17B8400712BBE /* ErrorLabel.swift in Sources */,
				E76E9B7A25C17B0000712BBE /* FeedRepositoryProtocol.swift in Sources */,
				E76E9B4325C1783400712BBE /* SplitViewCoordinatorProtocol.swift in Sources */,
				E76E9BA225C17BE600712BBE /* UIViewUtilities.swift in Sources */,
				E76E9B7F25C17B1100712BBE /* MockFeedRepository.swift in Sources */,
				E76E9AFF25C176D600712BBE /* AppDelegate.swift in Sources */,
				E76E9B4D25C178A600712BBE /* FeedSectionInfo.swift in Sources */,
				E76E9BAC25C17C3200712BBE /* MockedData.swift in Sources */,
				E76E9B9325C17B9D00712BBE /* CoordinatorProtocol.swift in Sources */,
				E76E9B6625C179F200712BBE /* CollectionViewSection.swift in Sources */,
				E7D5114625C1E9FD0075D027 /* FeedListViewModelDelegate.swift in Sources */,
				E76E9B0125C176D600712BBE /* SceneDelegate.swift in Sources */,
				E76E9B4825C1787300712BBE /* FeedSections.swift in Sources */,
				E76E9B9825C17BBB00712BBE /* CreateListCollectionView.swift in Sources */,
				E76E9B6125C179DF00712BBE /* Story.swift in Sources */,
				E7D5115B25C208910075D027 /* StoryCellRegistrationFactory.swift in Sources */,
				E7D5114025C1E8870075D027 /* FeedListViewModel.swift in Sources */,
				E7D5114F25C202E70075D027 /* FeedEventsView.swift in Sources */,
			);
			runOnlyForDeploymentPostprocessing = 0;
		};
		E76E9B0D25C176D700712BBE /* Sources */ = {
			isa = PBXSourcesBuildPhase;
			buildActionMask = 2147483647;
			files = (
				E76E9B1625C176D700712BBE /* HN_ReaderTests.swift in Sources */,
			);
			runOnlyForDeploymentPostprocessing = 0;
		};
		E76E9B1825C176D700712BBE /* Sources */ = {
			isa = PBXSourcesBuildPhase;
			buildActionMask = 2147483647;
			files = (
				E76E9B2125C176D700712BBE /* HN_ReaderUITests.swift in Sources */,
			);
			runOnlyForDeploymentPostprocessing = 0;
		};
/* End PBXSourcesBuildPhase section */

/* Begin PBXTargetDependency section */
		E76E9B1325C176D700712BBE /* PBXTargetDependency */ = {
			isa = PBXTargetDependency;
			target = E76E9AFA25C176D600712BBE /* HN-Reader */;
			targetProxy = E76E9B1225C176D700712BBE /* PBXContainerItemProxy */;
		};
		E76E9B1E25C176D700712BBE /* PBXTargetDependency */ = {
			isa = PBXTargetDependency;
			target = E76E9AFA25C176D600712BBE /* HN-Reader */;
			targetProxy = E76E9B1D25C176D700712BBE /* PBXContainerItemProxy */;
		};
/* End PBXTargetDependency section */

/* Begin PBXVariantGroup section */
		E76E9B0925C176D700712BBE /* LaunchScreen.storyboard */ = {
			isa = PBXVariantGroup;
			children = (
				E76E9B0A25C176D700712BBE /* Base */,
			);
			name = LaunchScreen.storyboard;
			sourceTree = "<group>";
		};
/* End PBXVariantGroup section */

/* Begin XCBuildConfiguration section */
		E76E9B2325C176D700712BBE /* Debug */ = {
			isa = XCBuildConfiguration;
			buildSettings = {
				ALWAYS_SEARCH_USER_PATHS = NO;
				CLANG_ANALYZER_NONNULL = YES;
				CLANG_ANALYZER_NUMBER_OBJECT_CONVERSION = YES_AGGRESSIVE;
				CLANG_CXX_LANGUAGE_STANDARD = "gnu++14";
				CLANG_CXX_LIBRARY = "libc++";
				CLANG_ENABLE_MODULES = YES;
				CLANG_ENABLE_OBJC_ARC = YES;
				CLANG_ENABLE_OBJC_WEAK = YES;
				CLANG_WARN_BLOCK_CAPTURE_AUTORELEASING = YES;
				CLANG_WARN_BOOL_CONVERSION = YES;
				CLANG_WARN_COMMA = YES;
				CLANG_WARN_CONSTANT_CONVERSION = YES;
				CLANG_WARN_DEPRECATED_OBJC_IMPLEMENTATIONS = YES;
				CLANG_WARN_DIRECT_OBJC_ISA_USAGE = YES_ERROR;
				CLANG_WARN_DOCUMENTATION_COMMENTS = YES;
				CLANG_WARN_EMPTY_BODY = YES;
				CLANG_WARN_ENUM_CONVERSION = YES;
				CLANG_WARN_INFINITE_RECURSION = YES;
				CLANG_WARN_INT_CONVERSION = YES;
				CLANG_WARN_NON_LITERAL_NULL_CONVERSION = YES;
				CLANG_WARN_OBJC_IMPLICIT_RETAIN_SELF = YES;
				CLANG_WARN_OBJC_LITERAL_CONVERSION = YES;
				CLANG_WARN_OBJC_ROOT_CLASS = YES_ERROR;
				CLANG_WARN_QUOTED_INCLUDE_IN_FRAMEWORK_HEADER = YES;
				CLANG_WARN_RANGE_LOOP_ANALYSIS = YES;
				CLANG_WARN_STRICT_PROTOTYPES = YES;
				CLANG_WARN_SUSPICIOUS_MOVE = YES;
				CLANG_WARN_UNGUARDED_AVAILABILITY = YES_AGGRESSIVE;
				CLANG_WARN_UNREACHABLE_CODE = YES;
				CLANG_WARN__DUPLICATE_METHOD_MATCH = YES;
				COPY_PHASE_STRIP = NO;
				DEBUG_INFORMATION_FORMAT = dwarf;
				ENABLE_STRICT_OBJC_MSGSEND = YES;
				ENABLE_TESTABILITY = YES;
				GCC_C_LANGUAGE_STANDARD = gnu11;
				GCC_DYNAMIC_NO_PIC = NO;
				GCC_NO_COMMON_BLOCKS = YES;
				GCC_OPTIMIZATION_LEVEL = 0;
				GCC_PREPROCESSOR_DEFINITIONS = (
					"DEBUG=1",
					"$(inherited)",
				);
				GCC_WARN_64_TO_32_BIT_CONVERSION = YES;
				GCC_WARN_ABOUT_RETURN_TYPE = YES_ERROR;
				GCC_WARN_UNDECLARED_SELECTOR = YES;
				GCC_WARN_UNINITIALIZED_AUTOS = YES_AGGRESSIVE;
				GCC_WARN_UNUSED_FUNCTION = YES;
				GCC_WARN_UNUSED_VARIABLE = YES;
				IPHONEOS_DEPLOYMENT_TARGET = 14.3;
				MTL_ENABLE_DEBUG_INFO = INCLUDE_SOURCE;
				MTL_FAST_MATH = YES;
				ONLY_ACTIVE_ARCH = YES;
				SDKROOT = iphoneos;
				SWIFT_ACTIVE_COMPILATION_CONDITIONS = DEBUG;
				SWIFT_OPTIMIZATION_LEVEL = "-Onone";
			};
			name = Debug;
		};
		E76E9B2425C176D700712BBE /* Release */ = {
			isa = XCBuildConfiguration;
			buildSettings = {
				ALWAYS_SEARCH_USER_PATHS = NO;
				CLANG_ANALYZER_NONNULL = YES;
				CLANG_ANALYZER_NUMBER_OBJECT_CONVERSION = YES_AGGRESSIVE;
				CLANG_CXX_LANGUAGE_STANDARD = "gnu++14";
				CLANG_CXX_LIBRARY = "libc++";
				CLANG_ENABLE_MODULES = YES;
				CLANG_ENABLE_OBJC_ARC = YES;
				CLANG_ENABLE_OBJC_WEAK = YES;
				CLANG_WARN_BLOCK_CAPTURE_AUTORELEASING = YES;
				CLANG_WARN_BOOL_CONVERSION = YES;
				CLANG_WARN_COMMA = YES;
				CLANG_WARN_CONSTANT_CONVERSION = YES;
				CLANG_WARN_DEPRECATED_OBJC_IMPLEMENTATIONS = YES;
				CLANG_WARN_DIRECT_OBJC_ISA_USAGE = YES_ERROR;
				CLANG_WARN_DOCUMENTATION_COMMENTS = YES;
				CLANG_WARN_EMPTY_BODY = YES;
				CLANG_WARN_ENUM_CONVERSION = YES;
				CLANG_WARN_INFINITE_RECURSION = YES;
				CLANG_WARN_INT_CONVERSION = YES;
				CLANG_WARN_NON_LITERAL_NULL_CONVERSION = YES;
				CLANG_WARN_OBJC_IMPLICIT_RETAIN_SELF = YES;
				CLANG_WARN_OBJC_LITERAL_CONVERSION = YES;
				CLANG_WARN_OBJC_ROOT_CLASS = YES_ERROR;
				CLANG_WARN_QUOTED_INCLUDE_IN_FRAMEWORK_HEADER = YES;
				CLANG_WARN_RANGE_LOOP_ANALYSIS = YES;
				CLANG_WARN_STRICT_PROTOTYPES = YES;
				CLANG_WARN_SUSPICIOUS_MOVE = YES;
				CLANG_WARN_UNGUARDED_AVAILABILITY = YES_AGGRESSIVE;
				CLANG_WARN_UNREACHABLE_CODE = YES;
				CLANG_WARN__DUPLICATE_METHOD_MATCH = YES;
				COPY_PHASE_STRIP = NO;
				DEBUG_INFORMATION_FORMAT = "dwarf-with-dsym";
				ENABLE_NS_ASSERTIONS = NO;
				ENABLE_STRICT_OBJC_MSGSEND = YES;
				GCC_C_LANGUAGE_STANDARD = gnu11;
				GCC_NO_COMMON_BLOCKS = YES;
				GCC_WARN_64_TO_32_BIT_CONVERSION = YES;
				GCC_WARN_ABOUT_RETURN_TYPE = YES_ERROR;
				GCC_WARN_UNDECLARED_SELECTOR = YES;
				GCC_WARN_UNINITIALIZED_AUTOS = YES_AGGRESSIVE;
				GCC_WARN_UNUSED_FUNCTION = YES;
				GCC_WARN_UNUSED_VARIABLE = YES;
				IPHONEOS_DEPLOYMENT_TARGET = 14.3;
				MTL_ENABLE_DEBUG_INFO = NO;
				MTL_FAST_MATH = YES;
				SDKROOT = iphoneos;
				SWIFT_COMPILATION_MODE = wholemodule;
				SWIFT_OPTIMIZATION_LEVEL = "-O";
				VALIDATE_PRODUCT = YES;
			};
			name = Release;
		};
		E76E9B2625C176D700712BBE /* Debug */ = {
			isa = XCBuildConfiguration;
			buildSettings = {
				ASSETCATALOG_COMPILER_APPICON_NAME = AppIcon;
				ASSETCATALOG_COMPILER_GLOBAL_ACCENT_COLOR_NAME = AccentColor;
				CODE_SIGN_STYLE = Automatic;
				DEVELOPMENT_ASSET_PATHS = "\"HN-Reader/Preview Content\"";
				DEVELOPMENT_TEAM = WK7599VNDW;
				ENABLE_PREVIEWS = YES;
				INFOPLIST_FILE = "HN-Reader/Info.plist";
				LD_RUNPATH_SEARCH_PATHS = (
					"$(inherited)",
					"@executable_path/Frameworks",
				);
				PRODUCT_BUNDLE_IDENTIFIER = "com.gbrlcm.HN-Reader";
				PRODUCT_NAME = "$(TARGET_NAME)";
				SWIFT_VERSION = 5.0;
				TARGETED_DEVICE_FAMILY = "1,2";
			};
			name = Debug;
		};
		E76E9B2725C176D700712BBE /* Release */ = {
			isa = XCBuildConfiguration;
			buildSettings = {
				ASSETCATALOG_COMPILER_APPICON_NAME = AppIcon;
				ASSETCATALOG_COMPILER_GLOBAL_ACCENT_COLOR_NAME = AccentColor;
				CODE_SIGN_STYLE = Automatic;
				DEVELOPMENT_ASSET_PATHS = "\"HN-Reader/Preview Content\"";
				DEVELOPMENT_TEAM = WK7599VNDW;
				ENABLE_PREVIEWS = YES;
				INFOPLIST_FILE = "HN-Reader/Info.plist";
				LD_RUNPATH_SEARCH_PATHS = (
					"$(inherited)",
					"@executable_path/Frameworks",
				);
				PRODUCT_BUNDLE_IDENTIFIER = "com.gbrlcm.HN-Reader";
				PRODUCT_NAME = "$(TARGET_NAME)";
				SWIFT_VERSION = 5.0;
				TARGETED_DEVICE_FAMILY = "1,2";
			};
			name = Release;
		};
		E76E9B2925C176D700712BBE /* Debug */ = {
			isa = XCBuildConfiguration;
			buildSettings = {
				ALWAYS_EMBED_SWIFT_STANDARD_LIBRARIES = YES;
				BUNDLE_LOADER = "$(TEST_HOST)";
				CODE_SIGN_STYLE = Automatic;
				DEVELOPMENT_TEAM = WK7599VNDW;
				INFOPLIST_FILE = "HN-ReaderTests/Info.plist";
				IPHONEOS_DEPLOYMENT_TARGET = 14.3;
				LD_RUNPATH_SEARCH_PATHS = (
					"$(inherited)",
					"@executable_path/Frameworks",
					"@loader_path/Frameworks",
				);
				PRODUCT_BUNDLE_IDENTIFIER = "com.gbrlcm.HN-ReaderTests";
				PRODUCT_NAME = "$(TARGET_NAME)";
				SWIFT_VERSION = 5.0;
				TARGETED_DEVICE_FAMILY = "1,2";
				TEST_HOST = "$(BUILT_PRODUCTS_DIR)/HN-Reader.app/HN-Reader";
			};
			name = Debug;
		};
		E76E9B2A25C176D700712BBE /* Release */ = {
			isa = XCBuildConfiguration;
			buildSettings = {
				ALWAYS_EMBED_SWIFT_STANDARD_LIBRARIES = YES;
				BUNDLE_LOADER = "$(TEST_HOST)";
				CODE_SIGN_STYLE = Automatic;
				DEVELOPMENT_TEAM = WK7599VNDW;
				INFOPLIST_FILE = "HN-ReaderTests/Info.plist";
				IPHONEOS_DEPLOYMENT_TARGET = 14.3;
				LD_RUNPATH_SEARCH_PATHS = (
					"$(inherited)",
					"@executable_path/Frameworks",
					"@loader_path/Frameworks",
				);
				PRODUCT_BUNDLE_IDENTIFIER = "com.gbrlcm.HN-ReaderTests";
				PRODUCT_NAME = "$(TARGET_NAME)";
				SWIFT_VERSION = 5.0;
				TARGETED_DEVICE_FAMILY = "1,2";
				TEST_HOST = "$(BUILT_PRODUCTS_DIR)/HN-Reader.app/HN-Reader";
			};
			name = Release;
		};
		E76E9B2C25C176D700712BBE /* Debug */ = {
			isa = XCBuildConfiguration;
			buildSettings = {
				ALWAYS_EMBED_SWIFT_STANDARD_LIBRARIES = YES;
				CODE_SIGN_STYLE = Automatic;
				DEVELOPMENT_TEAM = WK7599VNDW;
				INFOPLIST_FILE = "HN-ReaderUITests/Info.plist";
				LD_RUNPATH_SEARCH_PATHS = (
					"$(inherited)",
					"@executable_path/Frameworks",
					"@loader_path/Frameworks",
				);
				PRODUCT_BUNDLE_IDENTIFIER = "com.gbrlcm.HN-ReaderUITests";
				PRODUCT_NAME = "$(TARGET_NAME)";
				SWIFT_VERSION = 5.0;
				TARGETED_DEVICE_FAMILY = "1,2";
				TEST_TARGET_NAME = "HN-Reader";
			};
			name = Debug;
		};
		E76E9B2D25C176D700712BBE /* Release */ = {
			isa = XCBuildConfiguration;
			buildSettings = {
				ALWAYS_EMBED_SWIFT_STANDARD_LIBRARIES = YES;
				CODE_SIGN_STYLE = Automatic;
				DEVELOPMENT_TEAM = WK7599VNDW;
				INFOPLIST_FILE = "HN-ReaderUITests/Info.plist";
				LD_RUNPATH_SEARCH_PATHS = (
					"$(inherited)",
					"@executable_path/Frameworks",
					"@loader_path/Frameworks",
				);
				PRODUCT_BUNDLE_IDENTIFIER = "com.gbrlcm.HN-ReaderUITests";
				PRODUCT_NAME = "$(TARGET_NAME)";
				SWIFT_VERSION = 5.0;
				TARGETED_DEVICE_FAMILY = "1,2";
				TEST_TARGET_NAME = "HN-Reader";
			};
			name = Release;
		};
/* End XCBuildConfiguration section */

/* Begin XCConfigurationList section */
		E76E9AF625C176D600712BBE /* Build configuration list for PBXProject "HN-Reader" */ = {
			isa = XCConfigurationList;
			buildConfigurations = (
				E76E9B2325C176D700712BBE /* Debug */,
				E76E9B2425C176D700712BBE /* Release */,
			);
			defaultConfigurationIsVisible = 0;
			defaultConfigurationName = Release;
		};
		E76E9B2525C176D700712BBE /* Build configuration list for PBXNativeTarget "HN-Reader" */ = {
			isa = XCConfigurationList;
			buildConfigurations = (
				E76E9B2625C176D700712BBE /* Debug */,
				E76E9B2725C176D700712BBE /* Release */,
			);
			defaultConfigurationIsVisible = 0;
			defaultConfigurationName = Release;
		};
		E76E9B2825C176D700712BBE /* Build configuration list for PBXNativeTarget "HN-ReaderTests" */ = {
			isa = XCConfigurationList;
			buildConfigurations = (
				E76E9B2925C176D700712BBE /* Debug */,
				E76E9B2A25C176D700712BBE /* Release */,
			);
			defaultConfigurationIsVisible = 0;
			defaultConfigurationName = Release;
		};
		E76E9B2B25C176D700712BBE /* Build configuration list for PBXNativeTarget "HN-ReaderUITests" */ = {
			isa = XCConfigurationList;
			buildConfigurations = (
				E76E9B2C25C176D700712BBE /* Debug */,
				E76E9B2D25C176D700712BBE /* Release */,
			);
			defaultConfigurationIsVisible = 0;
			defaultConfigurationName = Release;
		};
/* End XCConfigurationList section */
	};
	rootObject = E76E9AF325C176D600712BBE /* Project object */;
}
